
Microsoft Visual Studio Solution File, Format Version 12.00
# Visual Studio Version 16
VisualStudioVersion = 16.0.31624.102
MinimumVisualStudioVersion = 10.0.40219.1
Project("{FAE04EC0-301F-11D3-BF4B-00C04F79EFBC}") = "DirectoriesAndFiles", "DirectoriesAndFiles\DirectoriesAndFiles.csproj", "{179FB8E6-A395-4AC4-8428-C33C362F9CAA}"
EndProject
Project("{FAE04EC0-301F-11D3-BF4B-00C04F79EFBC}") = "WishList", "WishList\WishList.csproj", "{9A5E8BBB-838F-43A9-B8C5-E576BB5A0ACF}"
EndProject
Project("{FAE04EC0-301F-11D3-BF4B-00C04F79EFBC}") = "MyWIshListFile", "MyWIshListFile\MyWIshListFile.csproj", "{15CE3C3F-2588-4516-9CCE-FDF18A9242FF}"
EndProject
Project("{FAE04EC0-301F-11D3-BF4B-00C04F79EFBC}") = "ShoppingList", "ShoppingList\ShoppingList.csproj", "{6E74D288-12C0-49AF-99F8-1A11C9008F4B}"
EndProject
Project("{FAE04EC0-301F-11D3-BF4B-00C04F79EFBC}") = "AddToShoppingList", "AddToShoppingList\AddToShoppingList.csproj", "{B9C12DBD-3AFC-4EF6-82AA-DB5C40766ADB}"
EndProject
Global
	GlobalSection(SolutionConfigurationPlatforms) = preSolution
		Debug|Any CPU = Debug|Any CPU
		Release|Any CPU = Release|Any CPU
	EndGlobalSection
	GlobalSection(ProjectConfigurationPlatforms) = postSolution
		{179FB8E6-A395-4AC4-8428-C33C362F9CAA}.Debug|Any CPU.ActiveCfg = Debug|Any CPU
		{179FB8E6-A395-4AC4-8428-C33C362F9CAA}.Debug|Any CPU.Build.0 = Debug|Any CPU
		{179FB8E6-A395-4AC4-8428-C33C362F9CAA}.Release|Any CPU.ActiveCfg = Release|Any CPU
		{179FB8E6-A395-4AC4-8428-C33C362F9CAA}.Release|Any CPU.Build.0 = Release|Any CPU
		{9A5E8BBB-838F-43A9-B8C5-E576BB5A0ACF}.Debug|Any CPU.ActiveCfg = Debug|Any CPU
		{9A5E8BBB-838F-43A9-B8C5-E576BB5A0ACF}.Debug|Any CPU.Build.0 = Debug|Any CPU
		{9A5E8BBB-838F-43A9-B8C5-E576BB5A0ACF}.Release|Any CPU.ActiveCfg = Release|Any CPU
		{9A5E8BBB-838F-43A9-B8C5-E576BB5A0ACF}.Release|Any CPU.Build.0 = Release|Any CPU
		{15CE3C3F-2588-4516-9CCE-FDF18A9242FF}.Debug|Any CPU.ActiveCfg = Debug|Any CPU
		{15CE3C3F-2588-4516-9CCE-FDF18A9242FF}.Debug|Any CPU.Build.0 = Debug|Any CPU
		{15CE3C3F-2588-4516-9CCE-FDF18A9242FF}.Release|Any CPU.ActiveCfg = Release|Any CPU
		{15CE3C3F-2588-4516-9CCE-FDF18A9242FF}.Release|Any CPU.Build.0 = Release|Any CPU
		{6E74D288-12C0-49AF-99F8-1A11C9008F4B}.Debug|Any CPU.ActiveCfg = Debug|Any CPU
		{6E74D288-12C0-49AF-99F8-1A11C9008F4B}.Debug|Any CPU.Build.0 = Debug|Any CPU
		{6E74D288-12C0-49AF-99F8-1A11C9008F4B}.Release|Any CPU.ActiveCfg = Release|Any CPU
		{6E74D288-12C0-49AF-99F8-1A11C9008F4B}.Release|Any CPU.Build.0 = Release|Any CPU
		{B9C12DBD-3AFC-4EF6-82AA-DB5C40766ADB}.Debug|Any CPU.ActiveCfg = Debug|Any CPU
		{B9C12DBD-3AFC-4EF6-82AA-DB5C40766ADB}.Debug|Any CPU.Build.0 = Debug|Any CPU
		{B9C12DBD-3AFC-4EF6-82AA-DB5C40766ADB}.Release|Any CPU.ActiveCfg = Release|Any CPU
		{B9C12DBD-3AFC-4EF6-82AA-DB5C40766ADB}.Release|Any CPU.Build.0 = Release|Any CPU
	EndGlobalSection
	GlobalSection(SolutionProperties) = preSolution
		HideSolutionNode = FALSE
	EndGlobalSection
	GlobalSection(ExtensibilityGlobals) = postSolution
		SolutionGuid = {B4FD4D25-818C-4EA4-8CB0-1A765E4B910E}
	EndGlobalSection
EndGlobal
